
Microsoft Visual Studio Solution File, Format Version 12.00
# Visual Studio Version 17
VisualStudioVersion = 17.11.35327.3
MinimumVisualStudioVersion = 10.0.40219.1
Project("{F184B08F-C81C-45F6-A57F-5ABD9991F28F}") = "Calculator", "Calculator\Calculator.vbproj", "{734E9D48-D7AE-458B-BC8E-FF1B46ABF99D}"
EndProject
Global
	GlobalSection(SolutionConfigurationPlatforms) = preSolution
		Debug|Any CPU = Debug|Any CPU
		Release|Any CPU = Release|Any CPU
	EndGlobalSection
	GlobalSection(ProjectConfigurationPlatforms) = postSolution
		{734E9D48-D7AE-458B-BC8E-FF1B46ABF99D}.Debug|Any CPU.ActiveCfg = Debug|Any CPU
		{734E9D48-D7AE-458B-BC8E-FF1B46ABF99D}.Debug|Any CPU.Build.0 = Debug|Any CPU
		{734E9D48-D7AE-458B-BC8E-FF1B46ABF99D}.Release|Any CPU.ActiveCfg = Release|Any CPU
		{734E9D48-D7AE-458B-BC8E-FF1B46ABF99D}.Release|Any CPU.Build.0 = Release|Any CPU
	EndGlobalSection
	GlobalSection(SolutionProperties) = preSolution
		HideSolutionNode = FALSE
	EndGlobalSection
	GlobalSection(ExtensibilityGlobals) = postSolution
		SolutionGuid = {246BF41F-36D2-4280-9817-38578A1FCA40}
	EndGlobalSection
EndGlobal
